
Microsoft Visual Studio Solution File, Format Version 12.00
# Visual Studio 2012
Project("{FAE04EC0-301F-11D3-BF4B-00C04F79EFBC}") = "BazuziTetris", "Source\BazuziTetris.csproj", "{F6AC8F24-5D99-4E2A-9319-EFF2FECBD0FD}"
EndProject
Project("{2150E333-8FDC-42A3-9474-1A3956D46DE8}") = "Solution Items", "Solution Items", "{F524C601-A00B-4B09-B6DF-1F0A4CC33788}"
	ProjectSection(SolutionItems) = preProject
		LICENSE.txt = LICENSE.txt
		README.md = README.md
	EndProjectSection
EndProject
Global
	GlobalSection(SolutionConfigurationPlatforms) = preSolution
		Debug|Any CPU = Debug|Any CPU
		Release|Any CPU = Release|Any CPU
	EndGlobalSection
	GlobalSection(ProjectConfigurationPlatforms) = postSolution
		{F6AC8F24-5D99-4E2A-9319-EFF2FECBD0FD}.Debug|Any CPU.ActiveCfg = Debug|Any CPU
		{F6AC8F24-5D99-4E2A-9319-EFF2FECBD0FD}.Debug|Any CPU.Build.0 = Debug|Any CPU
		{F6AC8F24-5D99-4E2A-9319-EFF2FECBD0FD}.Release|Any CPU.ActiveCfg = Release|Any CPU
		{F6AC8F24-5D99-4E2A-9319-EFF2FECBD0FD}.Release|Any CPU.Build.0 = Release|Any CPU
	EndGlobalSection
	GlobalSection(SolutionProperties) = preSolution
		HideSolutionNode = FALSE
	EndGlobalSection
EndGlobal
